
Microsoft Visual Studio Solution File, Format Version 12.00
# Visual Studio Version 17
VisualStudioVersion = 17.0.32002.185
MinimumVisualStudioVersion = 10.0.40219.1
Project("{9A19103F-16F7-4668-BE54-9A1E7A4F7556}") = "ChatTopics", "ChatTopics.csproj", "{59361EBF-163F-45DF-AEE8-55F6130D32CA}"
EndProject
Project("{2150E333-8FDC-42A3-9474-1A3956D46DE8}") = "Solution Items", "Solution Items", "{6830ADC9-E99E-467A-A466-288D5845E814}"
	ProjectSection(SolutionItems) = preProject
		startup.cs = startup.cs
	EndProjectSection
EndProject
Global
	GlobalSection(SolutionConfigurationPlatforms) = preSolution
		Debug|Any CPU = Debug|Any CPU
		Release|Any CPU = Release|Any CPU
	EndGlobalSection
	GlobalSection(ProjectConfigurationPlatforms) = postSolution
		{59361EBF-163F-45DF-AEE8-55F6130D32CA}.Debug|Any CPU.ActiveCfg = Debug|Any CPU
		{59361EBF-163F-45DF-AEE8-55F6130D32CA}.Debug|Any CPU.Build.0 = Debug|Any CPU
		{59361EBF-163F-45DF-AEE8-55F6130D32CA}.Release|Any CPU.ActiveCfg = Release|Any CPU
		{59361EBF-163F-45DF-AEE8-55F6130D32CA}.Release|Any CPU.Build.0 = Release|Any CPU
	EndGlobalSection
	GlobalSection(SolutionProperties) = preSolution
		HideSolutionNode = FALSE
	EndGlobalSection
	GlobalSection(ExtensibilityGlobals) = postSolution
		SolutionGuid = {C7B72068-E7D5-4D91-AB73-B731623D01F4}
	EndGlobalSection
EndGlobal
